
Microsoft Visual Studio Solution File, Format Version 12.00
# Visual Studio Version 17
VisualStudioVersion = 17.6.33717.318
MinimumVisualStudioVersion = 10.0.40219.1
Project("{FAE04EC0-301F-11D3-BF4B-00C04F79EFBC}") = "RevitAPITrainingParametersReading", "RevitAPITrainingParametersReading\RevitAPITrainingParametersReading.csproj", "{E5940FC8-5197-45B5-A6BB-AD3E6B76543C}"
EndProject
Project("{FAE04EC0-301F-11D3-BF4B-00C04F79EFBC}") = "RevitAPITraining(Without copyingReadingTheTypeParameter", "RevitAPITraining(Without copyingReadingTheTypeParameter\RevitAPITraining(Without copyingReadingTheTypeParameter.csproj", "{95259D6A-31E8-4201-8D14-3710FDA299E5}"
EndProject
Project("{FAE04EC0-301F-11D3-BF4B-00C04F79EFBC}") = "RevitAPITrainingParameterEntry", "RevitAPITrainingParameterEntry\RevitAPITrainingParameterEntry.csproj", "{140B6B93-F38F-41C7-8F05-5693616609B6}"
EndProject
Project("{FAE04EC0-301F-11D3-BF4B-00C04F79EFBC}") = "HW3.1SelectionByFace.ReadingTheParameter", "HW3.1SelectionByFace.ReadingTheParameter\HW3.1SelectionByFace.ReadingTheParameter.csproj", "{2AF841A1-851C-4C32-AC38-B8808FA37B59}"
EndProject
Project("{FAE04EC0-301F-11D3-BF4B-00C04F79EFBC}") = "HW3.2Pipelength", "HW3.2Pipelength\HW3.2Pipelength.csproj", "{349421C3-AB78-4991-9011-DBF9F5108BF7}"
EndProject
Project("{FAE04EC0-301F-11D3-BF4B-00C04F79EFBC}") = "HW3.3LengthMargin", "HW3.3LengthMargin\HW3.3LengthMargin.csproj", "{81F36695-EA5E-4B97-BBB5-62E005147C7B}"
EndProject
Project("{FAE04EC0-301F-11D3-BF4B-00C04F79EFBC}") = "HW3.4AddingDiameterParamete", "HW3.4AddingDiameterParamete\HW3.4AddingDiameterParamete.csproj", "{E5BF762F-8EC0-479A-9EFC-FDF71B01AE65}"
EndProject
Global
	GlobalSection(SolutionConfigurationPlatforms) = preSolution
		Debug|Any CPU = Debug|Any CPU
		Release|Any CPU = Release|Any CPU
	EndGlobalSection
	GlobalSection(ProjectConfigurationPlatforms) = postSolution
		{E5940FC8-5197-45B5-A6BB-AD3E6B76543C}.Debug|Any CPU.ActiveCfg = Debug|Any CPU
		{E5940FC8-5197-45B5-A6BB-AD3E6B76543C}.Debug|Any CPU.Build.0 = Debug|Any CPU
		{E5940FC8-5197-45B5-A6BB-AD3E6B76543C}.Release|Any CPU.ActiveCfg = Release|Any CPU
		{E5940FC8-5197-45B5-A6BB-AD3E6B76543C}.Release|Any CPU.Build.0 = Release|Any CPU
		{95259D6A-31E8-4201-8D14-3710FDA299E5}.Debug|Any CPU.ActiveCfg = Debug|Any CPU
		{95259D6A-31E8-4201-8D14-3710FDA299E5}.Debug|Any CPU.Build.0 = Debug|Any CPU
		{95259D6A-31E8-4201-8D14-3710FDA299E5}.Release|Any CPU.ActiveCfg = Release|Any CPU
		{95259D6A-31E8-4201-8D14-3710FDA299E5}.Release|Any CPU.Build.0 = Release|Any CPU
		{140B6B93-F38F-41C7-8F05-5693616609B6}.Debug|Any CPU.ActiveCfg = Debug|Any CPU
		{140B6B93-F38F-41C7-8F05-5693616609B6}.Debug|Any CPU.Build.0 = Debug|Any CPU
		{140B6B93-F38F-41C7-8F05-5693616609B6}.Release|Any CPU.ActiveCfg = Release|Any CPU
		{140B6B93-F38F-41C7-8F05-5693616609B6}.Release|Any CPU.Build.0 = Release|Any CPU
		{2AF841A1-851C-4C32-AC38-B8808FA37B59}.Debug|Any CPU.ActiveCfg = Debug|Any CPU
		{2AF841A1-851C-4C32-AC38-B8808FA37B59}.Debug|Any CPU.Build.0 = Debug|Any CPU
		{2AF841A1-851C-4C32-AC38-B8808FA37B59}.Release|Any CPU.ActiveCfg = Release|Any CPU
		{2AF841A1-851C-4C32-AC38-B8808FA37B59}.Release|Any CPU.Build.0 = Release|Any CPU
		{349421C3-AB78-4991-9011-DBF9F5108BF7}.Debug|Any CPU.ActiveCfg = Debug|Any CPU
		{349421C3-AB78-4991-9011-DBF9F5108BF7}.Debug|Any CPU.Build.0 = Debug|Any CPU
		{349421C3-AB78-4991-9011-DBF9F5108BF7}.Release|Any CPU.ActiveCfg = Release|Any CPU
		{349421C3-AB78-4991-9011-DBF9F5108BF7}.Release|Any CPU.Build.0 = Release|Any CPU
		{81F36695-EA5E-4B97-BBB5-62E005147C7B}.Debug|Any CPU.ActiveCfg = Debug|Any CPU
		{81F36695-EA5E-4B97-BBB5-62E005147C7B}.Debug|Any CPU.Build.0 = Debug|Any CPU
		{81F36695-EA5E-4B97-BBB5-62E005147C7B}.Release|Any CPU.ActiveCfg = Release|Any CPU
		{81F36695-EA5E-4B97-BBB5-62E005147C7B}.Release|Any CPU.Build.0 = Release|Any CPU
		{E5BF762F-8EC0-479A-9EFC-FDF71B01AE65}.Debug|Any CPU.ActiveCfg = Debug|Any CPU
		{E5BF762F-8EC0-479A-9EFC-FDF71B01AE65}.Debug|Any CPU.Build.0 = Debug|Any CPU
		{E5BF762F-8EC0-479A-9EFC-FDF71B01AE65}.Release|Any CPU.ActiveCfg = Release|Any CPU
		{E5BF762F-8EC0-479A-9EFC-FDF71B01AE65}.Release|Any CPU.Build.0 = Release|Any CPU
	EndGlobalSection
	GlobalSection(SolutionProperties) = preSolution
		HideSolutionNode = FALSE
	EndGlobalSection
	GlobalSection(ExtensibilityGlobals) = postSolution
		SolutionGuid = {DDA9DF6F-7C9B-4F50-9ED0-D2D389CE0BA2}
	EndGlobalSection
EndGlobal
