
Microsoft Visual Studio Solution File, Format Version 12.00
# Visual Studio Version 17
VisualStudioVersion = 17.6.33717.318
MinimumVisualStudioVersion = 10.0.40219.1
Project("{FAE04EC0-301F-11D3-BF4B-00C04F79EFBC}") = "RevitAPITrainingParametersReading", "RevitAPITrainingParametersReading\RevitAPITrainingParametersReading.csproj", "{E5940FC8-5197-45B5-A6BB-AD3E6B76543C}"
EndProject
Project("{FAE04EC0-301F-11D3-BF4B-00C04F79EFBC}") = "RevitAPITraining(Without copyingReadingTheTypeParameter", "RevitAPITraining(Without copyingReadingTheTypeParameter\RevitAPITraining(Without copyingReadingTheTypeParameter.csproj", "{95259D6A-31E8-4201-8D14-3710FDA299E5}"
EndProject
Project("{FAE04EC0-301F-11D3-BF4B-00C04F79EFBC}") = "RevitAPITrainingParameterEntry", "RevitAPITrainingParameterEntry\RevitAPITrainingParameterEntry.csproj", "{140B6B93-F38F-41C7-8F05-5693616609B6}"
EndProject
Global
	GlobalSection(SolutionConfigurationPlatforms) = preSolution
		Debug|Any CPU = Debug|Any CPU
		Release|Any CPU = Release|Any CPU
	EndGlobalSection
	GlobalSection(ProjectConfigurationPlatforms) = postSolution
		{E5940FC8-5197-45B5-A6BB-AD3E6B76543C}.Debug|Any CPU.ActiveCfg = Debug|Any CPU
		{E5940FC8-5197-45B5-A6BB-AD3E6B76543C}.Debug|Any CPU.Build.0 = Debug|Any CPU
		{E5940FC8-5197-45B5-A6BB-AD3E6B76543C}.Release|Any CPU.ActiveCfg = Release|Any CPU
		{E5940FC8-5197-45B5-A6BB-AD3E6B76543C}.Release|Any CPU.Build.0 = Release|Any CPU
		{95259D6A-31E8-4201-8D14-3710FDA299E5}.Debug|Any CPU.ActiveCfg = Debug|Any CPU
		{95259D6A-31E8-4201-8D14-3710FDA299E5}.Debug|Any CPU.Build.0 = Debug|Any CPU
		{95259D6A-31E8-4201-8D14-3710FDA299E5}.Release|Any CPU.ActiveCfg = Release|Any CPU
		{95259D6A-31E8-4201-8D14-3710FDA299E5}.Release|Any CPU.Build.0 = Release|Any CPU
		{140B6B93-F38F-41C7-8F05-5693616609B6}.Debug|Any CPU.ActiveCfg = Debug|Any CPU
		{140B6B93-F38F-41C7-8F05-5693616609B6}.Debug|Any CPU.Build.0 = Debug|Any CPU
		{140B6B93-F38F-41C7-8F05-5693616609B6}.Release|Any CPU.ActiveCfg = Release|Any CPU
		{140B6B93-F38F-41C7-8F05-5693616609B6}.Release|Any CPU.Build.0 = Release|Any CPU
	EndGlobalSection
	GlobalSection(SolutionProperties) = preSolution
		HideSolutionNode = FALSE
	EndGlobalSection
	GlobalSection(ExtensibilityGlobals) = postSolution
		SolutionGuid = {DDA9DF6F-7C9B-4F50-9ED0-D2D389CE0BA2}
	EndGlobalSection
EndGlobal
